// !$*UTF8*$!
{
	archiveVersion = 1;
	classes = {
	};
	objectVersion = 50;
	objects = {

/* Begin PBXBuildFile section */
		1697F70B221C984C00E9762C /* AppDelegate.swift in Sources */ = {isa = PBXBuildFile; fileRef = 1697F70A221C984C00E9762C /* AppDelegate.swift */; };
		1697F70D221C984C00E9762C /* ViewController.swift in Sources */ = {isa = PBXBuildFile; fileRef = 1697F70C221C984C00E9762C /* ViewController.swift */; };
		1697F710221C984C00E9762C /* Main.storyboard in Resources */ = {isa = PBXBuildFile; fileRef = 1697F70E221C984C00E9762C /* Main.storyboard */; };
		1697F713221C984C00E9762C /* Task_CoreDataPractice.xcdatamodeld in Sources */ = {isa = PBXBuildFile; fileRef = 1697F711221C984C00E9762C /* Task_CoreDataPractice.xcdatamodeld */; };
		1697F715221C984E00E9762C /* Assets.xcassets in Resources */ = {isa = PBXBuildFile; fileRef = 1697F714221C984E00E9762C /* Assets.xcassets */; };
		1697F718221C984E00E9762C /* LaunchScreen.storyboard in Resources */ = {isa = PBXBuildFile; fileRef = 1697F716221C984E00E9762C /* LaunchScreen.storyboard */; };
/* End PBXBuildFile section */

/* Begin PBXFileReference section */
		1697F707221C984C00E9762C /* Task_CoreDataPractice.app */ = {isa = PBXFileReference; explicitFileType = wrapper.application; includeInIndex = 0; path = Task_CoreDataPractice.app; sourceTree = BUILT_PRODUCTS_DIR; };
		1697F70A221C984C00E9762C /* AppDelegate.swift */ = {isa = PBXFileReference; lastKnownFileType = sourcecode.swift; path = AppDelegate.swift; sourceTree = "<group>"; };
		1697F70C221C984C00E9762C /* ViewController.swift */ = {isa = PBXFileReference; lastKnownFileType = sourcecode.swift; path = ViewController.swift; sourceTree = "<group>"; };
		1697F70F221C984C00E9762C /* Base */ = {isa = PBXFileReference; lastKnownFileType = file.storyboard; name = Base; path = Base.lproj/Main.storyboard; sourceTree = "<group>"; };
		1697F712221C984C00E9762C /* Task_CoreDataPractice.xcdatamodel */ = {isa = PBXFileReference; lastKnownFileType = wrapper.xcdatamodel; path = Task_CoreDataPractice.xcdatamodel; sourceTree = "<group>"; };
		1697F714221C984E00E9762C /* Assets.xcassets */ = {isa = PBXFileReference; lastKnownFileType = folder.assetcatalog; path = Assets.xcassets; sourceTree = "<group>"; };
		1697F717221C984E00E9762C /* Base */ = {isa = PBXFileReference; lastKnownFileType = file.storyboard; name = Base; path = Base.lproj/LaunchScreen.storyboard; sourceTree = "<group>"; };
		1697F719221C984E00E9762C /* Info.plist */ = {isa = PBXFileReference; lastKnownFileType = text.plist.xml; path = Info.plist; sourceTree = "<group>"; };
/* End PBXFileReference section */

/* Begin PBXFrameworksBuildPhase section */
		1697F704221C984C00E9762C /* Frameworks */ = {
			isa = PBXFrameworksBuildPhase;
			buildActionMask = 2147483647;
			files = (
			);
			runOnlyForDeploymentPostprocessing = 0;
		};
/* End PBXFrameworksBuildPhase section */

/* Begin PBXGroup section */
		1697F6FE221C984C00E9762C = {
			isa = PBXGroup;
			children = (
				1697F709221C984C00E9762C /* Task_CoreDataPractice */,
				1697F708221C984C00E9762C /* Products */,
			);
			sourceTree = "<group>";
		};
		1697F708221C984C00E9762C /* Products */ = {
			isa = PBXGroup;
			children = (
				1697F707221C984C00E9762C /* Task_CoreDataPractice.app */,
			);
			name = Products;
			sourceTree = "<group>";
		};
		1697F709221C984C00E9762C /* Task_CoreDataPractice */ = {
			isa = PBXGroup;
			children = (
				1697F70A221C984C00E9762C /* AppDelegate.swift */,
				1697F70C221C984C00E9762C /* ViewController.swift */,
				1697F70E221C984C00E9762C /* Main.storyboard */,
				1697F714221C984E00E9762C /* Assets.xcassets */,
				1697F716221C984E00E9762C /* LaunchScreen.storyboard */,
				1697F719221C984E00E9762C /* Info.plist */,
				1697F711221C984C00E9762C /* Task_CoreDataPractice.xcdatamodeld */,
			);
			path = Task_CoreDataPractice;
			sourceTree = "<group>";
		};
/* End PBXGroup section */

/* Begin PBXNativeTarget section */
		1697F706221C984C00E9762C /* Task_CoreDataPractice */ = {
			isa = PBXNativeTarget;
			buildConfigurationList = 1697F71C221C984E00E9762C /* Build configuration list for PBXNativeTarget "Task_CoreDataPractice" */;
			buildPhases = (
				1697F703221C984C00E9762C /* Sources */,
				1697F704221C984C00E9762C /* Frameworks */,
				1697F705221C984C00E9762C /* Resources */,
			);
			buildRules = (
			);
			dependencies = (
			);
			name = Task_CoreDataPractice;
			productName = Task_CoreDataPractice;
			productReference = 1697F707221C984C00E9762C /* Task_CoreDataPractice.app */;
			productType = "com.apple.product-type.application";
		};
/* End PBXNativeTarget section */

/* Begin PBXProject section */
		1697F6FF221C984C00E9762C /* Project object */ = {
			isa = PBXProject;
			attributes = {
				LastSwiftUpdateCheck = 1010;
				LastUpgradeCheck = 1010;
				ORGANIZATIONNAME = "Taylor Bills";
				TargetAttributes = {
					1697F706221C984C00E9762C = {
						CreatedOnToolsVersion = 10.1;
					};
				};
			};
			buildConfigurationList = 1697F702221C984C00E9762C /* Build configuration list for PBXProject "Task_CoreDataPractice" */;
			compatibilityVersion = "Xcode 9.3";
			developmentRegion = en;
			hasScannedForEncodings = 0;
			knownRegions = (
				en,
				Base,
			);
			mainGroup = 1697F6FE221C984C00E9762C;
			productRefGroup = 1697F708221C984C00E9762C /* Products */;
			projectDirPath = "";
			projectRoot = "";
			targets = (
				1697F706221C984C00E9762C /* Task_CoreDataPractice */,
			);
		};
/* End PBXProject section */

/* Begin PBXResourcesBuildPhase section */
		1697F705221C984C00E9762C /* Resources */ = {
			isa = PBXResourcesBuildPhase;
			buildActionMask = 2147483647;
			files = (
				1697F718221C984E00E9762C /* LaunchScreen.storyboard in Resources */,
				1697F715221C984E00E9762C /* Assets.xcassets in Resources */,
				1697F710221C984C00E9762C /* Main.storyboard in Resources */,
			);
			runOnlyForDeploymentPostprocessing = 0;
		};
/* End PBXResourcesBuildPhase section */

/* Begin PBXSourcesBuildPhase section */
		1697F703221C984C00E9762C /* Sources */ = {
			isa = PBXSourcesBuildPhase;
			buildActionMask = 2147483647;
			files = (
				1697F70D221C984C00E9762C /* ViewController.swift in Sources */,
				1697F70B221C984C00E9762C /* AppDelegate.swift in Sources */,
				1697F713221C984C00E9762C /* Task_CoreDataPractice.xcdatamodeld in Sources */,
			);
			runOnlyForDeploymentPostprocessing = 0;
		};
/* End PBXSourcesBuildPhase section */

/* Begin PBXVariantGroup section */
		1697F70E221C984C00E9762C /* Main.storyboard */ = {
			isa = PBXVariantGroup;
			children = (
				1697F70F221C984C00E9762C /* Base */,
			);
			name = Main.storyboard;
			sourceTree = "<group>";
		};
		1697F716221C984E00E9762C /* LaunchScreen.storyboard */ = {
			isa = PBXVariantGroup;
			children = (
				1697F717221C984E00E9762C /* Base */,
			);
			name = LaunchScreen.storyboard;
			sourceTree = "<group>";
		};
/* End PBXVariantGroup section */

/* Begin XCBuildConfiguration section */
		1697F71A221C984E00E9762C /* Debug */ = {
			isa = XCBuildConfiguration;
			buildSettings = {
				ALWAYS_SEARCH_USER_PATHS = NO;
				CLANG_ANALYZER_NONNULL = YES;
				CLANG_ANALYZER_NUMBER_OBJECT_CONVERSION = YES_AGGRESSIVE;
				CLANG_CXX_LANGUAGE_STANDARD = "gnu++14";
				CLANG_CXX_LIBRARY = "libc++";
				CLANG_ENABLE_MODULES = YES;
				CLANG_ENABLE_OBJC_ARC = YES;
				CLANG_ENABLE_OBJC_WEAK = YES;
				CLANG_WARN_BLOCK_CAPTURE_AUTORELEASING = YES;
				CLANG_WARN_BOOL_CONVERSION = YES;
				CLANG_WARN_COMMA = YES;
				CLANG_WARN_CONSTANT_CONVERSION = YES;
				CLANG_WARN_DEPRECATED_OBJC_IMPLEMENTATIONS = YES;
				CLANG_WARN_DIRECT_OBJC_ISA_USAGE = YES_ERROR;
				CLANG_WARN_DOCUMENTATION_COMMENTS = YES;
				CLANG_WARN_EMPTY_BODY = YES;
				CLANG_WARN_ENUM_CONVERSION = YES;
				CLANG_WARN_INFINITE_RECURSION = YES;
				CLANG_WARN_INT_CONVERSION = YES;
				CLANG_WARN_NON_LITERAL_NULL_CONVERSION = YES;
				CLANG_WARN_OBJC_IMPLICIT_RETAIN_SELF = YES;
				CLANG_WARN_OBJC_LITERAL_CONVERSION = YES;
				CLANG_WARN_OBJC_ROOT_CLASS = YES_ERROR;
				CLANG_WARN_RANGE_LOOP_ANALYSIS = YES;
				CLANG_WARN_STRICT_PROTOTYPES = YES;
				CLANG_WARN_SUSPICIOUS_MOVE = YES;
				CLANG_WARN_UNGUARDED_AVAILABILITY = YES_AGGRESSIVE;
				CLANG_WARN_UNREACHABLE_CODE = YES;
				CLANG_WARN__DUPLICATE_METHOD_MATCH = YES;
				CODE_SIGN_IDENTITY = "iPhone Developer";
				COPY_PHASE_STRIP = NO;
				DEBUG_INFORMATION_FORMAT = dwarf;
				ENABLE_STRICT_OBJC_MSGSEND = YES;
				ENABLE_TESTABILITY = YES;
				GCC_C_LANGUAGE_STANDARD = gnu11;
				GCC_DYNAMIC_NO_PIC = NO;
				GCC_NO_COMMON_BLOCKS = YES;
				GCC_OPTIMIZATION_LEVEL = 0;
				GCC_PREPROCESSOR_DEFINITIONS = (
					"DEBUG=1",
					"$(inherited)",
				);
				GCC_WARN_64_TO_32_BIT_CONVERSION = YES;
				GCC_WARN_ABOUT_RETURN_TYPE = YES_ERROR;
				GCC_WARN_UNDECLARED_SELECTOR = YES;
				GCC_WARN_UNINITIALIZED_AUTOS = YES_AGGRESSIVE;
				GCC_WARN_UNUSED_FUNCTION = YES;
				GCC_WARN_UNUSED_VARIABLE = YES;
				IPHONEOS_DEPLOYMENT_TARGET = 12.1;
				MTL_ENABLE_DEBUG_INFO = INCLUDE_SOURCE;
				MTL_FAST_MATH = YES;
				ONLY_ACTIVE_ARCH = YES;
				SDKROOT = iphoneos;
				SWIFT_ACTIVE_COMPILATION_CONDITIONS = DEBUG;
				SWIFT_OPTIMIZATION_LEVEL = "-Onone";
			};
			name = Debug;
		};
		1697F71B221C984E00E9762C /* Release */ = {
			isa = XCBuildConfiguration;
			buildSettings = {
				ALWAYS_SEARCH_USER_PATHS = NO;
				CLANG_ANALYZER_NONNULL = YES;
				CLANG_ANALYZER_NUMBER_OBJECT_CONVERSION = YES_AGGRESSIVE;
				CLANG_CXX_LANGUAGE_STANDARD = "gnu++14";
				CLANG_CXX_LIBRARY = "libc++";
				CLANG_ENABLE_MODULES = YES;
				CLANG_ENABLE_OBJC_ARC = YES;
				CLANG_ENABLE_OBJC_WEAK = YES;
				CLANG_WARN_BLOCK_CAPTURE_AUTORELEASING = YES;
				CLANG_WARN_BOOL_CONVERSION = YES;
				CLANG_WARN_COMMA = YES;
				CLANG_WARN_CONSTANT_CONVERSION = YES;
				CLANG_WARN_DEPRECATED_OBJC_IMPLEMENTATIONS = YES;
				CLANG_WARN_DIRECT_OBJC_ISA_USAGE = YES_ERROR;
				CLANG_WARN_DOCUMENTATION_COMMENTS = YES;
				CLANG_WARN_EMPTY_BODY = YES;
				CLANG_WARN_ENUM_CONVERSION = YES;
				CLANG_WARN_INFINITE_RECURSION = YES;
				CLANG_WARN_INT_CONVERSION = YES;
				CLANG_WARN_NON_LITERAL_NULL_CONVERSION = YES;
				CLANG_WARN_OBJC_IMPLICIT_RETAIN_SELF = YES;
				CLANG_WARN_OBJC_LITERAL_CONVERSION = YES;
				CLANG_WARN_OBJC_ROOT_CLASS = YES_ERROR;
				CLANG_WARN_RANGE_LOOP_ANALYSIS = YES;
				CLANG_WARN_STRICT_PROTOTYPES = YES;
				CLANG_WARN_SUSPICIOUS_MOVE = YES;
				CLANG_WARN_UNGUARDED_AVAILABILITY = YES_AGGRESSIVE;
				CLANG_WARN_UNREACHABLE_CODE = YES;
				CLANG_WARN__DUPLICATE_METHOD_MATCH = YES;
				CODE_SIGN_IDENTITY = "iPhone Developer";
				COPY_PHASE_STRIP = NO;
				DEBUG_INFORMATION_FORMAT = "dwarf-with-dsym";
				ENABLE_NS_ASSERTIONS = NO;
				ENABLE_STRICT_OBJC_MSGSEND = YES;
				GCC_C_LANGUAGE_STANDARD = gnu11;
				GCC_NO_COMMON_BLOCKS = YES;
				GCC_WARN_64_TO_32_BIT_CONVERSION = YES;
				GCC_WARN_ABOUT_RETURN_TYPE = YES_ERROR;
				GCC_WARN_UNDECLARED_SELECTOR = YES;
				GCC_WARN_UNINITIALIZED_AUTOS = YES_AGGRESSIVE;
				GCC_WARN_UNUSED_FUNCTION = YES;
				GCC_WARN_UNUSED_VARIABLE = YES;
				IPHONEOS_DEPLOYMENT_TARGET = 12.1;
				MTL_ENABLE_DEBUG_INFO = NO;
				MTL_FAST_MATH = YES;
				SDKROOT = iphoneos;
				SWIFT_COMPILATION_MODE = wholemodule;
				SWIFT_OPTIMIZATION_LEVEL = "-O";
				VALIDATE_PRODUCT = YES;
			};
			name = Release;
		};
		1697F71D221C984E00E9762C /* Debug */ = {
			isa = XCBuildConfiguration;
			buildSettings = {
				ASSETCATALOG_COMPILER_APPICON_NAME = AppIcon;
				CODE_SIGN_STYLE = Automatic;
				DEVELOPMENT_TEAM = NZ5N56B84J;
				INFOPLIST_FILE = Task_CoreDataPractice/Info.plist;
				LD_RUNPATH_SEARCH_PATHS = (
					"$(inherited)",
					"@executable_path/Frameworks",
				);
				PRODUCT_BUNDLE_IDENTIFIER = "com.TAYLORBILLS.Task-CoreDataPractice";
				PRODUCT_NAME = "$(TARGET_NAME)";
				SWIFT_VERSION = 4.2;
				TARGETED_DEVICE_FAMILY = "1,2";
			};
			name = Debug;
		};
		1697F71E221C984E00E9762C /* Release */ = {
			isa = XCBuildConfiguration;
			buildSettings = {
				ASSETCATALOG_COMPILER_APPICON_NAME = AppIcon;
				CODE_SIGN_STYLE = Automatic;
				DEVELOPMENT_TEAM = NZ5N56B84J;
				INFOPLIST_FILE = Task_CoreDataPractice/Info.plist;
				LD_RUNPATH_SEARCH_PATHS = (
					"$(inherited)",
					"@executable_path/Frameworks",
				);
				PRODUCT_BUNDLE_IDENTIFIER = "com.TAYLORBILLS.Task-CoreDataPractice";
				PRODUCT_NAME = "$(TARGET_NAME)";
				SWIFT_VERSION = 4.2;
				TARGETED_DEVICE_FAMILY = "1,2";
			};
			name = Release;
		};
/* End XCBuildConfiguration section */

/* Begin XCConfigurationList section */
		1697F702221C984C00E9762C /* Build configuration list for PBXProject "Task_CoreDataPractice" */ = {
			isa = XCConfigurationList;
			buildConfigurations = (
				1697F71A221C984E00E9762C /* Debug */,
				1697F71B221C984E00E9762C /* Release */,
			);
			defaultConfigurationIsVisible = 0;
			defaultConfigurationName = Release;
		};
		1697F71C221C984E00E9762C /* Build configuration list for PBXNativeTarget "Task_CoreDataPractice" */ = {
			isa = XCConfigurationList;
			buildConfigurations = (
				1697F71D221C984E00E9762C /* Debug */,
				1697F71E221C984E00E9762C /* Release */,
			);
			defaultConfigurationIsVisible = 0;
			defaultConfigurationName = Release;
		};
/* End XCConfigurationList section */

/* Begin XCVersionGroup section */
		1697F711221C984C00E9762C /* Task_CoreDataPractice.xcdatamodeld */ = {
			isa = XCVersionGroup;
			children = (
				1697F712221C984C00E9762C /* Task_CoreDataPractice.xcdatamodel */,
			);
			currentVersion = 1697F712221C984C00E9762C /* Task_CoreDataPractice.xcdatamodel */;
			path = Task_CoreDataPractice.xcdatamodeld;
			sourceTree = "<group>";
			versionGroupType = wrapper.xcdatamodel;
		};
/* End XCVersionGroup section */
	};
	rootObject = 1697F6FF221C984C00E9762C /* Project object */;
}
